
Microsoft Visual Studio Solution File, Format Version 12.00
# Visual Studio Version 16
VisualStudioVersion = 16.0.28803.352
MinimumVisualStudioVersion = 10.0.40219.1
Project("{FAE04EC0-301F-11D3-BF4B-00C04F79EFBC}") = "BlacksmithManager", "BlacksmithManager.csproj", "{AA156D21-3A7E-4365-B451-11900402B2BD}"
EndProject
Global
	GlobalSection(SolutionConfigurationPlatforms) = preSolution
		Debug|Any CPU = Debug|Any CPU
		Release|Any CPU = Release|Any CPU
	EndGlobalSection
	GlobalSection(ProjectConfigurationPlatforms) = postSolution
		{AA156D21-3A7E-4365-B451-11900402B2BD}.Debug|Any CPU.ActiveCfg = Debug|Any CPU
		{AA156D21-3A7E-4365-B451-11900402B2BD}.Debug|Any CPU.Build.0 = Debug|Any CPU
		{AA156D21-3A7E-4365-B451-11900402B2BD}.Release|Any CPU.ActiveCfg = Release|Any CPU
		{AA156D21-3A7E-4365-B451-11900402B2BD}.Release|Any CPU.Build.0 = Release|Any CPU
	EndGlobalSection
	GlobalSection(SolutionProperties) = preSolution
		HideSolutionNode = FALSE
	EndGlobalSection
	GlobalSection(ExtensibilityGlobals) = postSolution
		SolutionGuid = {BF0A657C-5822-4748-AA99-FF300F05BA16}
	EndGlobalSection
EndGlobal
